{
  "nodes": {
    "home-manager": {
      "inputs": {
        "nixpkgs": [
          "unstablePkgs"
        ]
      },
      "locked": {
        "lastModified": 1733873195,
        "narHash": "sha256-dTosiZ3sZ/NKoLKQ++v8nZdEHya0eTNEsaizNp+MUPM=",
        "owner": "nix-community",
        "repo": "home-manager",
        "rev": "f26aa4b76fb7606127032d33ac73d7d507d82758",
        "type": "github"
      },
      "original": {
        "owner": "nix-community",
        "repo": "home-manager",
        "type": "github"
      }
    },
    "root": {
      "inputs": {
        "home-manager": "home-manager",
        "stablePkgs": "stablePkgs",
        "unstablePkgs": "unstablePkgs"
      }
    },
    "stablePkgs": {
      "locked": {
        "lastModified": 1733808091,
        "narHash": "sha256-KWwINTQelKOoQgrXftxoqxmKFZb9pLVfnRvK270nkVk=",
        "owner": "nixos",
        "repo": "nixpkgs",
        "rev": "a0f3e10d94359665dba45b71b4227b0aeb851f8e",
        "type": "github"
      },
      "original": {
        "owner": "nixos",
        "ref": "nixos-24.11",
        "repo": "nixpkgs",
        "type": "github"
      }
    },
    "unstablePkgs": {
      "locked": {
        "lastModified": 1733749988,
        "narHash": "sha256-+5qdtgXceqhK5ZR1YbP1fAUsweBIrhL38726oIEAtDs=",
        "owner": "nixos",
        "repo": "nixpkgs",
        "rev": "bc27f0fde01ce4e1bfec1ab122d72b7380278e68",
        "type": "github"
      },
      "original": {
        "owner": "nixos",
        "ref": "nixpkgs-unstable",
        "repo": "nixpkgs",
        "type": "github"
      }
    }
  },
  "root": "root",
  "version": 7
}
