{
  "nodes": {
    "home-manager": {
      "inputs": {
        "nixpkgs": [
          "unstablePkgs"
        ]
      },
      "locked": {
        "lastModified": 1743360001,
        "narHash": "sha256-HtpS/ZdgWXw0y+aFdORcX5RuBGTyz3WskThspNR70SM=",
        "owner": "nix-community",
        "repo": "home-manager",
        "rev": "b6fd653ef8fbeccfd4958650757e91767a65506d",
        "type": "github"
      },
      "original": {
        "owner": "nix-community",
        "repo": "home-manager",
        "type": "github"
      }
    },
    "root": {
      "inputs": {
        "home-manager": "home-manager",
        "stablePkgs": "stablePkgs",
        "unstablePkgs": "unstablePkgs"
      }
    },
    "stablePkgs": {
      "locked": {
        "lastModified": 1743367904,
        "narHash": "sha256-sOos1jZGKmT6xxPvxGQyPTApOunXvScV4lNjBCXd/CI=",
        "owner": "nixos",
        "repo": "nixpkgs",
        "rev": "7ffe0edc685f14b8c635e3d6591b0bbb97365e6c",
        "type": "github"
      },
      "original": {
        "owner": "nixos",
        "ref": "nixos-24.11",
        "repo": "nixpkgs",
        "type": "github"
      }
    },
    "unstablePkgs": {
      "locked": {
        "lastModified": 1743259260,
        "narHash": "sha256-ArWLUgRm1tKHiqlhnymyVqi5kLNCK5ghvm06mfCl4QY=",
        "owner": "nixos",
        "repo": "nixpkgs",
        "rev": "eb0e0f21f15c559d2ac7633dc81d079d1caf5f5f",
        "type": "github"
      },
      "original": {
        "owner": "nixos",
        "ref": "nixpkgs-unstable",
        "repo": "nixpkgs",
        "type": "github"
      }
    }
  },
  "root": "root",
  "version": 7
}
